// !$*UTF8*$!
{
	archiveVersion = 1;
	classes = {
	};
	objectVersion = 50;
	objects = {

/* Begin PBXBuildFile section */
		94020CA4247BC8B200F49F9A /* TranslateService.swift in Sources */ = {isa = PBXBuildFile; fileRef = 94020CA3247BC8B200F49F9A /* TranslateService.swift */; };
		94020CA6247BCD0B00F49F9A /* TranslateData.swift in Sources */ = {isa = PBXBuildFile; fileRef = 94020CA5247BCD0B00F49F9A /* TranslateData.swift */; };
		940F8B002463957700078EB1 /* TestFakeResponseData.swift in Sources */ = {isa = PBXBuildFile; fileRef = 940F8AFF2463957700078EB1 /* TestFakeResponseData.swift */; };
		940F8B022463AF1500078EB1 /* TestFakeURLSession.swift in Sources */ = {isa = PBXBuildFile; fileRef = 940F8B012463AF1500078EB1 /* TestFakeURLSession.swift */; };
		942406EC245B270A00EEAE54 /* Fixer.json in Resources */ = {isa = PBXBuildFile; fileRef = 942406EB245B270A00EEAE54 /* Fixer.json */; };
		9435876E2449E6B600A1493C /* AppDelegate.swift in Sources */ = {isa = PBXBuildFile; fileRef = 9435876D2449E6B600A1493C /* AppDelegate.swift */; };
		943587702449E6B600A1493C /* SceneDelegate.swift in Sources */ = {isa = PBXBuildFile; fileRef = 9435876F2449E6B600A1493C /* SceneDelegate.swift */; };
		943587752449E6B600A1493C /* Main.storyboard in Resources */ = {isa = PBXBuildFile; fileRef = 943587732449E6B600A1493C /* Main.storyboard */; };
		9435877A2449E6B700A1493C /* Assets.xcassets in Resources */ = {isa = PBXBuildFile; fileRef = 943587792449E6B700A1493C /* Assets.xcassets */; };
		9435877D2449E6B700A1493C /* LaunchScreen.storyboard in Resources */ = {isa = PBXBuildFile; fileRef = 9435877B2449E6B700A1493C /* LaunchScreen.storyboard */; };
		9435879C2449F2D100A1493C /* CurrencyViewController.swift in Sources */ = {isa = PBXBuildFile; fileRef = 9435879B2449F2D100A1493C /* CurrencyViewController.swift */; };
		9439BE0924585F1200368A93 /* FixerData.swift in Sources */ = {isa = PBXBuildFile; fileRef = 9439BE0824585F1200368A93 /* FixerData.swift */; };
		944477862465B5170026B6DA /* Weather.json in Resources */ = {isa = PBXBuildFile; fileRef = 944477852465B5170026B6DA /* Weather.json */; };
		9444778D24664FB60026B6DA /* WeatherServiceTestCase.swift in Sources */ = {isa = PBXBuildFile; fileRef = 9444778C24664FB60026B6DA /* WeatherServiceTestCase.swift */; };
		945DFFF9244C720C004B4458 /* WeatherViewController.swift in Sources */ = {isa = PBXBuildFile; fileRef = 945DFFF8244C720C004B4458 /* WeatherViewController.swift */; };
		945DFFFB244C7217004B4458 /* TranslateViewController.swift in Sources */ = {isa = PBXBuildFile; fileRef = 945DFFFA244C7217004B4458 /* TranslateViewController.swift */; };
		946FFAC824852BB500E7320D /* UIViewController+Alert.swift in Sources */ = {isa = PBXBuildFile; fileRef = 946FFAC724852BB500E7320D /* UIViewController+Alert.swift */; };
		94D1D1E6248D293500FBF340 /* TranslateServiceTestCase.swift in Sources */ = {isa = PBXBuildFile; fileRef = 94D1D1E5248D293500FBF340 /* TranslateServiceTestCase.swift */; };
		94D1D1E8248D2B7300FBF340 /* Translate.json in Resources */ = {isa = PBXBuildFile; fileRef = 94D1D1E7248D2B7300FBF340 /* Translate.json */; };
		94D75B29245D1D8F00DE2B86 /* WeatherService.swift in Sources */ = {isa = PBXBuildFile; fileRef = 94D75B28245D1D8F00DE2B86 /* WeatherService.swift */; };
		94D75B2B245D212E00DE2B86 /* WeatherData.swift in Sources */ = {isa = PBXBuildFile; fileRef = 94D75B2A245D212E00DE2B86 /* WeatherData.swift */; };
		94E93A212459DCFF007EF092 /* CurrencyServiceTestCase.swift in Sources */ = {isa = PBXBuildFile; fileRef = 94E93A202459DCFF007EF092 /* CurrencyServiceTestCase.swift */; };
		94EA9A5B24507120001BA0B5 /* CurrencyService.swift in Sources */ = {isa = PBXBuildFile; fileRef = 94EA9A5A24507120001BA0B5 /* CurrencyService.swift */; };
/* End PBXBuildFile section */

/* Begin PBXContainerItemProxy section */
		943587842449E6B700A1493C /* PBXContainerItemProxy */ = {
			isa = PBXContainerItemProxy;
			containerPortal = 943587622449E6B600A1493C /* Project object */;
			proxyType = 1;
			remoteGlobalIDString = 943587692449E6B600A1493C;
			remoteInfo = Baluchon;
		};
/* End PBXContainerItemProxy section */

/* Begin PBXFileReference section */
		94020CA3247BC8B200F49F9A /* TranslateService.swift */ = {isa = PBXFileReference; lastKnownFileType = sourcecode.swift; path = TranslateService.swift; sourceTree = "<group>"; };
		94020CA5247BCD0B00F49F9A /* TranslateData.swift */ = {isa = PBXFileReference; lastKnownFileType = sourcecode.swift; path = TranslateData.swift; sourceTree = "<group>"; };
		940F8AFF2463957700078EB1 /* TestFakeResponseData.swift */ = {isa = PBXFileReference; lastKnownFileType = sourcecode.swift; path = TestFakeResponseData.swift; sourceTree = "<group>"; };
		940F8B012463AF1500078EB1 /* TestFakeURLSession.swift */ = {isa = PBXFileReference; lastKnownFileType = sourcecode.swift; path = TestFakeURLSession.swift; sourceTree = "<group>"; };
		942406EB245B270A00EEAE54 /* Fixer.json */ = {isa = PBXFileReference; lastKnownFileType = text.json; path = Fixer.json; sourceTree = "<group>"; };
		9435876A2449E6B600A1493C /* Baluchon.app */ = {isa = PBXFileReference; explicitFileType = wrapper.application; includeInIndex = 0; path = Baluchon.app; sourceTree = BUILT_PRODUCTS_DIR; };
		9435876D2449E6B600A1493C /* AppDelegate.swift */ = {isa = PBXFileReference; lastKnownFileType = sourcecode.swift; path = AppDelegate.swift; sourceTree = "<group>"; };
		9435876F2449E6B600A1493C /* SceneDelegate.swift */ = {isa = PBXFileReference; lastKnownFileType = sourcecode.swift; path = SceneDelegate.swift; sourceTree = "<group>"; };
		943587742449E6B600A1493C /* Base */ = {isa = PBXFileReference; lastKnownFileType = file.storyboard; name = Base; path = Base.lproj/Main.storyboard; sourceTree = "<group>"; };
		943587792449E6B700A1493C /* Assets.xcassets */ = {isa = PBXFileReference; lastKnownFileType = folder.assetcatalog; path = Assets.xcassets; sourceTree = "<group>"; };
		9435877C2449E6B700A1493C /* Base */ = {isa = PBXFileReference; lastKnownFileType = file.storyboard; name = Base; path = Base.lproj/LaunchScreen.storyboard; sourceTree = "<group>"; };
		9435877E2449E6B700A1493C /* Info.plist */ = {isa = PBXFileReference; lastKnownFileType = text.plist.xml; path = Info.plist; sourceTree = "<group>"; };
		943587832449E6B700A1493C /* BaluchonTests.xctest */ = {isa = PBXFileReference; explicitFileType = wrapper.cfbundle; includeInIndex = 0; path = BaluchonTests.xctest; sourceTree = BUILT_PRODUCTS_DIR; };
		943587892449E6B700A1493C /* Info.plist */ = {isa = PBXFileReference; lastKnownFileType = text.plist.xml; path = Info.plist; sourceTree = "<group>"; };
		9435879B2449F2D100A1493C /* CurrencyViewController.swift */ = {isa = PBXFileReference; lastKnownFileType = sourcecode.swift; path = CurrencyViewController.swift; sourceTree = "<group>"; };
		9439BE0824585F1200368A93 /* FixerData.swift */ = {isa = PBXFileReference; lastKnownFileType = sourcecode.swift; path = FixerData.swift; sourceTree = "<group>"; };
		944477852465B5170026B6DA /* Weather.json */ = {isa = PBXFileReference; lastKnownFileType = text.json; path = Weather.json; sourceTree = "<group>"; };
		9444778C24664FB60026B6DA /* WeatherServiceTestCase.swift */ = {isa = PBXFileReference; lastKnownFileType = sourcecode.swift; path = WeatherServiceTestCase.swift; sourceTree = "<group>"; };
		945DFFF8244C720C004B4458 /* WeatherViewController.swift */ = {isa = PBXFileReference; lastKnownFileType = sourcecode.swift; path = WeatherViewController.swift; sourceTree = "<group>"; };
		945DFFFA244C7217004B4458 /* TranslateViewController.swift */ = {isa = PBXFileReference; lastKnownFileType = sourcecode.swift; path = TranslateViewController.swift; sourceTree = "<group>"; };
		946FFAC724852BB500E7320D /* UIViewController+Alert.swift */ = {isa = PBXFileReference; lastKnownFileType = sourcecode.swift; path = "UIViewController+Alert.swift"; sourceTree = "<group>"; };
		94D1D1E5248D293500FBF340 /* TranslateServiceTestCase.swift */ = {isa = PBXFileReference; lastKnownFileType = sourcecode.swift; path = TranslateServiceTestCase.swift; sourceTree = "<group>"; };
		94D1D1E7248D2B7300FBF340 /* Translate.json */ = {isa = PBXFileReference; lastKnownFileType = text.json; path = Translate.json; sourceTree = "<group>"; };
		94D75B28245D1D8F00DE2B86 /* WeatherService.swift */ = {isa = PBXFileReference; lastKnownFileType = sourcecode.swift; path = WeatherService.swift; sourceTree = "<group>"; };
		94D75B2A245D212E00DE2B86 /* WeatherData.swift */ = {isa = PBXFileReference; lastKnownFileType = sourcecode.swift; path = WeatherData.swift; sourceTree = "<group>"; };
		94E93A202459DCFF007EF092 /* CurrencyServiceTestCase.swift */ = {isa = PBXFileReference; lastKnownFileType = sourcecode.swift; path = CurrencyServiceTestCase.swift; sourceTree = "<group>"; };
		94EA9A5A24507120001BA0B5 /* CurrencyService.swift */ = {isa = PBXFileReference; lastKnownFileType = sourcecode.swift; path = CurrencyService.swift; sourceTree = "<group>"; };
/* End PBXFileReference section */

/* Begin PBXFrameworksBuildPhase section */
		943587672449E6B600A1493C /* Frameworks */ = {
			isa = PBXFrameworksBuildPhase;
			buildActionMask = 2147483647;
			files = (
			);
			runOnlyForDeploymentPostprocessing = 0;
		};
		943587802449E6B700A1493C /* Frameworks */ = {
			isa = PBXFrameworksBuildPhase;
			buildActionMask = 2147483647;
			files = (
			);
			runOnlyForDeploymentPostprocessing = 0;
		};
/* End PBXFrameworksBuildPhase section */

/* Begin PBXGroup section */
		943587612449E6B600A1493C = {
			isa = PBXGroup;
			children = (
				9435876C2449E6B600A1493C /* Baluchon */,
				943587862449E6B700A1493C /* BaluchonTests */,
				9435876B2449E6B600A1493C /* Products */,
			);
			sourceTree = "<group>";
		};
		9435876B2449E6B600A1493C /* Products */ = {
			isa = PBXGroup;
			children = (
				9435876A2449E6B600A1493C /* Baluchon.app */,
				943587832449E6B700A1493C /* BaluchonTests.xctest */,
			);
			name = Products;
			sourceTree = "<group>";
		};
		9435876C2449E6B600A1493C /* Baluchon */ = {
			isa = PBXGroup;
			children = (
				946FFAC624852B9600E7320D /* Extensions */,
				943587952449E75A00A1493C /* Controller */,
				943587942449E74D00A1493C /* Model */,
				943587932449E72800A1493C /* View */,
				943587922449E70F00A1493C /* Other Files */,
			);
			path = Baluchon;
			sourceTree = "<group>";
		};
		943587862449E6B700A1493C /* BaluchonTests */ = {
			isa = PBXGroup;
			children = (
				9467F63C247417CE00395BED /* Test Files */,
				9444778E246650120026B6DA /* WeatherTest */,
				94D1D1E4248D290400FBF340 /* TranslateTest */,
				944477872465B5B90026B6DA /* FixerTest */,
				943587892449E6B700A1493C /* Info.plist */,
			);
			path = BaluchonTests;
			sourceTree = "<group>";
		};
		943587922449E70F00A1493C /* Other Files */ = {
			isa = PBXGroup;
			children = (
				9435876D2449E6B600A1493C /* AppDelegate.swift */,
				9435876F2449E6B600A1493C /* SceneDelegate.swift */,
				943587792449E6B700A1493C /* Assets.xcassets */,
				9435877E2449E6B700A1493C /* Info.plist */,
			);
			path = "Other Files";
			sourceTree = "<group>";
		};
		943587932449E72800A1493C /* View */ = {
			isa = PBXGroup;
			children = (
				943587732449E6B600A1493C /* Main.storyboard */,
				9435877B2449E6B700A1493C /* LaunchScreen.storyboard */,
			);
			path = View;
			sourceTree = "<group>";
		};
		943587942449E74D00A1493C /* Model */ = {
			isa = PBXGroup;
			children = (
				94EA9A5A24507120001BA0B5 /* CurrencyService.swift */,
				9439BE0824585F1200368A93 /* FixerData.swift */,
				94D75B28245D1D8F00DE2B86 /* WeatherService.swift */,
				94D75B2A245D212E00DE2B86 /* WeatherData.swift */,
				94020CA3247BC8B200F49F9A /* TranslateService.swift */,
				94020CA5247BCD0B00F49F9A /* TranslateData.swift */,
			);
			path = Model;
			sourceTree = "<group>";
		};
		943587952449E75A00A1493C /* Controller */ = {
			isa = PBXGroup;
			children = (
				9435879B2449F2D100A1493C /* CurrencyViewController.swift */,
				945DFFF8244C720C004B4458 /* WeatherViewController.swift */,
				945DFFFA244C7217004B4458 /* TranslateViewController.swift */,
			);
			path = Controller;
			sourceTree = "<group>";
		};
		944477872465B5B90026B6DA /* FixerTest */ = {
			isa = PBXGroup;
			children = (
				94E93A202459DCFF007EF092 /* CurrencyServiceTestCase.swift */,
				942406EB245B270A00EEAE54 /* Fixer.json */,
			);
			path = FixerTest;
			sourceTree = "<group>";
		};
		9444778E246650120026B6DA /* WeatherTest */ = {
			isa = PBXGroup;
			children = (
				944477852465B5170026B6DA /* Weather.json */,
				9444778C24664FB60026B6DA /* WeatherServiceTestCase.swift */,
			);
			path = WeatherTest;
			sourceTree = "<group>";
		};
		9467F63C247417CE00395BED /* Test Files */ = {
			isa = PBXGroup;
			children = (
				940F8AFF2463957700078EB1 /* TestFakeResponseData.swift */,
				940F8B012463AF1500078EB1 /* TestFakeURLSession.swift */,
			);
			path = "Test Files";
			sourceTree = "<group>";
		};
		946FFAC624852B9600E7320D /* Extensions */ = {
			isa = PBXGroup;
			children = (
				946FFAC724852BB500E7320D /* UIViewController+Alert.swift */,
			);
			path = Extensions;
			sourceTree = "<group>";
		};
		94D1D1E4248D290400FBF340 /* TranslateTest */ = {
			isa = PBXGroup;
			children = (
				94D1D1E5248D293500FBF340 /* TranslateServiceTestCase.swift */,
				94D1D1E7248D2B7300FBF340 /* Translate.json */,
			);
			path = TranslateTest;
			sourceTree = "<group>";
		};
/* End PBXGroup section */

/* Begin PBXNativeTarget section */
		943587692449E6B600A1493C /* Baluchon */ = {
			isa = PBXNativeTarget;
			buildConfigurationList = 9435878C2449E6B700A1493C /* Build configuration list for PBXNativeTarget "Baluchon" */;
			buildPhases = (
				943587662449E6B600A1493C /* Sources */,
				943587672449E6B600A1493C /* Frameworks */,
				943587682449E6B600A1493C /* Resources */,
			);
			buildRules = (
			);
			dependencies = (
			);
			name = Baluchon;
			productName = Baluchon;
			productReference = 9435876A2449E6B600A1493C /* Baluchon.app */;
			productType = "com.apple.product-type.application";
		};
		943587822449E6B700A1493C /* BaluchonTests */ = {
			isa = PBXNativeTarget;
			buildConfigurationList = 9435878F2449E6B700A1493C /* Build configuration list for PBXNativeTarget "BaluchonTests" */;
			buildPhases = (
				9435877F2449E6B700A1493C /* Sources */,
				943587802449E6B700A1493C /* Frameworks */,
				943587812449E6B700A1493C /* Resources */,
			);
			buildRules = (
			);
			dependencies = (
				943587852449E6B700A1493C /* PBXTargetDependency */,
			);
			name = BaluchonTests;
			productName = BaluchonTests;
			productReference = 943587832449E6B700A1493C /* BaluchonTests.xctest */;
			productType = "com.apple.product-type.bundle.unit-test";
		};
/* End PBXNativeTarget section */

/* Begin PBXProject section */
		943587622449E6B600A1493C /* Project object */ = {
			isa = PBXProject;
			attributes = {
				LastSwiftUpdateCheck = 1140;
				LastUpgradeCheck = 1300;
				ORGANIZATIONNAME = "Rodolphe Schnetzer";
				TargetAttributes = {
					943587692449E6B600A1493C = {
						CreatedOnToolsVersion = 11.4;
					};
					943587822449E6B700A1493C = {
						CreatedOnToolsVersion = 11.4;
						LastSwiftMigration = 1140;
						TestTargetID = 943587692449E6B600A1493C;
					};
				};
			};
			buildConfigurationList = 943587652449E6B600A1493C /* Build configuration list for PBXProject "Baluchon" */;
			compatibilityVersion = "Xcode 9.3";
			developmentRegion = en;
			hasScannedForEncodings = 0;
			knownRegions = (
				en,
				Base,
			);
			mainGroup = 943587612449E6B600A1493C;
			productRefGroup = 9435876B2449E6B600A1493C /* Products */;
			projectDirPath = "";
			projectRoot = "";
			targets = (
				943587692449E6B600A1493C /* Baluchon */,
				943587822449E6B700A1493C /* BaluchonTests */,
			);
		};
/* End PBXProject section */

/* Begin PBXResourcesBuildPhase section */
		943587682449E6B600A1493C /* Resources */ = {
			isa = PBXResourcesBuildPhase;
			buildActionMask = 2147483647;
			files = (
				9435877D2449E6B700A1493C /* LaunchScreen.storyboard in Resources */,
				9435877A2449E6B700A1493C /* Assets.xcassets in Resources */,
				943587752449E6B600A1493C /* Main.storyboard in Resources */,
			);
			runOnlyForDeploymentPostprocessing = 0;
		};
		943587812449E6B700A1493C /* Resources */ = {
			isa = PBXResourcesBuildPhase;
			buildActionMask = 2147483647;
			files = (
				944477862465B5170026B6DA /* Weather.json in Resources */,
				94D1D1E8248D2B7300FBF340 /* Translate.json in Resources */,
				942406EC245B270A00EEAE54 /* Fixer.json in Resources */,
			);
			runOnlyForDeploymentPostprocessing = 0;
		};
/* End PBXResourcesBuildPhase section */

/* Begin PBXSourcesBuildPhase section */
		943587662449E6B600A1493C /* Sources */ = {
			isa = PBXSourcesBuildPhase;
			buildActionMask = 2147483647;
			files = (
				94D75B29245D1D8F00DE2B86 /* WeatherService.swift in Sources */,
				9435876E2449E6B600A1493C /* AppDelegate.swift in Sources */,
				945DFFFB244C7217004B4458 /* TranslateViewController.swift in Sources */,
				946FFAC824852BB500E7320D /* UIViewController+Alert.swift in Sources */,
				94EA9A5B24507120001BA0B5 /* CurrencyService.swift in Sources */,
				945DFFF9244C720C004B4458 /* WeatherViewController.swift in Sources */,
				9435879C2449F2D100A1493C /* CurrencyViewController.swift in Sources */,
				94020CA4247BC8B200F49F9A /* TranslateService.swift in Sources */,
				9439BE0924585F1200368A93 /* FixerData.swift in Sources */,
				94020CA6247BCD0B00F49F9A /* TranslateData.swift in Sources */,
				94D75B2B245D212E00DE2B86 /* WeatherData.swift in Sources */,
				943587702449E6B600A1493C /* SceneDelegate.swift in Sources */,
			);
			runOnlyForDeploymentPostprocessing = 0;
		};
		9435877F2449E6B700A1493C /* Sources */ = {
			isa = PBXSourcesBuildPhase;
			buildActionMask = 2147483647;
			files = (
				9444778D24664FB60026B6DA /* WeatherServiceTestCase.swift in Sources */,
				940F8B002463957700078EB1 /* TestFakeResponseData.swift in Sources */,
				94D1D1E6248D293500FBF340 /* TranslateServiceTestCase.swift in Sources */,
				94E93A212459DCFF007EF092 /* CurrencyServiceTestCase.swift in Sources */,
				940F8B022463AF1500078EB1 /* TestFakeURLSession.swift in Sources */,
			);
			runOnlyForDeploymentPostprocessing = 0;
		};
/* End PBXSourcesBuildPhase section */

/* Begin PBXTargetDependency section */
		943587852449E6B700A1493C /* PBXTargetDependency */ = {
			isa = PBXTargetDependency;
			target = 943587692449E6B600A1493C /* Baluchon */;
			targetProxy = 943587842449E6B700A1493C /* PBXContainerItemProxy */;
		};
/* End PBXTargetDependency section */

/* Begin PBXVariantGroup section */
		943587732449E6B600A1493C /* Main.storyboard */ = {
			isa = PBXVariantGroup;
			children = (
				943587742449E6B600A1493C /* Base */,
			);
			name = Main.storyboard;
			sourceTree = "<group>";
		};
		9435877B2449E6B700A1493C /* LaunchScreen.storyboard */ = {
			isa = PBXVariantGroup;
			children = (
				9435877C2449E6B700A1493C /* Base */,
			);
			name = LaunchScreen.storyboard;
			sourceTree = "<group>";
		};
/* End PBXVariantGroup section */

/* Begin XCBuildConfiguration section */
		9435878A2449E6B700A1493C /* Debug */ = {
			isa = XCBuildConfiguration;
			buildSettings = {
				ALWAYS_SEARCH_USER_PATHS = NO;
				CLANG_ANALYZER_NONNULL = YES;
				CLANG_ANALYZER_NUMBER_OBJECT_CONVERSION = YES_AGGRESSIVE;
				CLANG_CXX_LANGUAGE_STANDARD = "gnu++14";
				CLANG_CXX_LIBRARY = "libc++";
				CLANG_ENABLE_MODULES = YES;
				CLANG_ENABLE_OBJC_ARC = YES;
				CLANG_ENABLE_OBJC_WEAK = YES;
				CLANG_WARN_BLOCK_CAPTURE_AUTORELEASING = YES;
				CLANG_WARN_BOOL_CONVERSION = YES;
				CLANG_WARN_COMMA = YES;
				CLANG_WARN_CONSTANT_CONVERSION = YES;
				CLANG_WARN_DEPRECATED_OBJC_IMPLEMENTATIONS = YES;
				CLANG_WARN_DIRECT_OBJC_ISA_USAGE = YES_ERROR;
				CLANG_WARN_DOCUMENTATION_COMMENTS = YES;
				CLANG_WARN_EMPTY_BODY = YES;
				CLANG_WARN_ENUM_CONVERSION = YES;
				CLANG_WARN_INFINITE_RECURSION = YES;
				CLANG_WARN_INT_CONVERSION = YES;
				CLANG_WARN_NON_LITERAL_NULL_CONVERSION = YES;
				CLANG_WARN_OBJC_IMPLICIT_RETAIN_SELF = YES;
				CLANG_WARN_OBJC_LITERAL_CONVERSION = YES;
				CLANG_WARN_OBJC_ROOT_CLASS = YES_ERROR;
				CLANG_WARN_QUOTED_INCLUDE_IN_FRAMEWORK_HEADER = YES;
				CLANG_WARN_RANGE_LOOP_ANALYSIS = YES;
				CLANG_WARN_STRICT_PROTOTYPES = YES;
				CLANG_WARN_SUSPICIOUS_MOVE = YES;
				CLANG_WARN_UNGUARDED_AVAILABILITY = YES_AGGRESSIVE;
				CLANG_WARN_UNREACHABLE_CODE = YES;
				CLANG_WARN__DUPLICATE_METHOD_MATCH = YES;
				COPY_PHASE_STRIP = NO;
				DEBUG_INFORMATION_FORMAT = dwarf;
				ENABLE_STRICT_OBJC_MSGSEND = YES;
				ENABLE_TESTABILITY = YES;
				GCC_C_LANGUAGE_STANDARD = gnu11;
				GCC_DYNAMIC_NO_PIC = NO;
				GCC_NO_COMMON_BLOCKS = YES;
				GCC_OPTIMIZATION_LEVEL = 0;
				GCC_PREPROCESSOR_DEFINITIONS = (
					"DEBUG=1",
					"$(inherited)",
				);
				GCC_WARN_64_TO_32_BIT_CONVERSION = YES;
				GCC_WARN_ABOUT_RETURN_TYPE = YES_ERROR;
				GCC_WARN_UNDECLARED_SELECTOR = YES;
				GCC_WARN_UNINITIALIZED_AUTOS = YES_AGGRESSIVE;
				GCC_WARN_UNUSED_FUNCTION = YES;
				GCC_WARN_UNUSED_VARIABLE = YES;
				IPHONEOS_DEPLOYMENT_TARGET = 12.0;
				MTL_ENABLE_DEBUG_INFO = INCLUDE_SOURCE;
				MTL_FAST_MATH = YES;
				ONLY_ACTIVE_ARCH = YES;
				SDKROOT = iphoneos;
				SWIFT_ACTIVE_COMPILATION_CONDITIONS = DEBUG;
				SWIFT_OPTIMIZATION_LEVEL = "-Onone";
			};
			name = Debug;
		};
		9435878B2449E6B700A1493C /* Release */ = {
			isa = XCBuildConfiguration;
			buildSettings = {
				ALWAYS_SEARCH_USER_PATHS = NO;
				CLANG_ANALYZER_NONNULL = YES;
				CLANG_ANALYZER_NUMBER_OBJECT_CONVERSION = YES_AGGRESSIVE;
				CLANG_CXX_LANGUAGE_STANDARD = "gnu++14";
				CLANG_CXX_LIBRARY = "libc++";
				CLANG_ENABLE_MODULES = YES;
				CLANG_ENABLE_OBJC_ARC = YES;
				CLANG_ENABLE_OBJC_WEAK = YES;
				CLANG_WARN_BLOCK_CAPTURE_AUTORELEASING = YES;
				CLANG_WARN_BOOL_CONVERSION = YES;
				CLANG_WARN_COMMA = YES;
				CLANG_WARN_CONSTANT_CONVERSION = YES;
				CLANG_WARN_DEPRECATED_OBJC_IMPLEMENTATIONS = YES;
				CLANG_WARN_DIRECT_OBJC_ISA_USAGE = YES_ERROR;
				CLANG_WARN_DOCUMENTATION_COMMENTS = YES;
				CLANG_WARN_EMPTY_BODY = YES;
				CLANG_WARN_ENUM_CONVERSION = YES;
				CLANG_WARN_INFINITE_RECURSION = YES;
				CLANG_WARN_INT_CONVERSION = YES;
				CLANG_WARN_NON_LITERAL_NULL_CONVERSION = YES;
				CLANG_WARN_OBJC_IMPLICIT_RETAIN_SELF = YES;
				CLANG_WARN_OBJC_LITERAL_CONVERSION = YES;
				CLANG_WARN_OBJC_ROOT_CLASS = YES_ERROR;
				CLANG_WARN_QUOTED_INCLUDE_IN_FRAMEWORK_HEADER = YES;
				CLANG_WARN_RANGE_LOOP_ANALYSIS = YES;
				CLANG_WARN_STRICT_PROTOTYPES = YES;
				CLANG_WARN_SUSPICIOUS_MOVE = YES;
				CLANG_WARN_UNGUARDED_AVAILABILITY = YES_AGGRESSIVE;
				CLANG_WARN_UNREACHABLE_CODE = YES;
				CLANG_WARN__DUPLICATE_METHOD_MATCH = YES;
				COPY_PHASE_STRIP = NO;
				DEBUG_INFORMATION_FORMAT = "dwarf-with-dsym";
				ENABLE_NS_ASSERTIONS = NO;
				ENABLE_STRICT_OBJC_MSGSEND = YES;
				GCC_C_LANGUAGE_STANDARD = gnu11;
				GCC_NO_COMMON_BLOCKS = YES;
				GCC_WARN_64_TO_32_BIT_CONVERSION = YES;
				GCC_WARN_ABOUT_RETURN_TYPE = YES_ERROR;
				GCC_WARN_UNDECLARED_SELECTOR = YES;
				GCC_WARN_UNINITIALIZED_AUTOS = YES_AGGRESSIVE;
				GCC_WARN_UNUSED_FUNCTION = YES;
				GCC_WARN_UNUSED_VARIABLE = YES;
				IPHONEOS_DEPLOYMENT_TARGET = 12.0;
				MTL_ENABLE_DEBUG_INFO = NO;
				MTL_FAST_MATH = YES;
				SDKROOT = iphoneos;
				SWIFT_COMPILATION_MODE = wholemodule;
				SWIFT_OPTIMIZATION_LEVEL = "-O";
				VALIDATE_PRODUCT = YES;
			};
			name = Release;
		};
		9435878D2449E6B700A1493C /* Debug */ = {
			isa = XCBuildConfiguration;
			buildSettings = {
				ASSETCATALOG_COMPILER_APPICON_NAME = AppIcon;
				CODE_SIGN_STYLE = Automatic;
				DEVELOPMENT_TEAM = 2MSLYVU6K6;
				INFOPLIST_FILE = "Baluchon/Other Files/Info.plist";
				LD_RUNPATH_SEARCH_PATHS = (
					"$(inherited)",
					"@executable_path/Frameworks",
				);
				PRODUCT_BUNDLE_IDENTIFIER = "com-rodolphe.Baluchon";
				PRODUCT_NAME = "$(TARGET_NAME)";
				SWIFT_VERSION = 5.0;
				TARGETED_DEVICE_FAMILY = 1;
			};
			name = Debug;
		};
		9435878E2449E6B700A1493C /* Release */ = {
			isa = XCBuildConfiguration;
			buildSettings = {
				ASSETCATALOG_COMPILER_APPICON_NAME = AppIcon;
				CODE_SIGN_STYLE = Automatic;
				DEVELOPMENT_TEAM = 2MSLYVU6K6;
				INFOPLIST_FILE = "Baluchon/Other Files/Info.plist";
				LD_RUNPATH_SEARCH_PATHS = (
					"$(inherited)",
					"@executable_path/Frameworks",
				);
				PRODUCT_BUNDLE_IDENTIFIER = "com-rodolphe.Baluchon";
				PRODUCT_NAME = "$(TARGET_NAME)";
				SWIFT_VERSION = 5.0;
				TARGETED_DEVICE_FAMILY = 1;
			};
			name = Release;
		};
		943587902449E6B700A1493C /* Debug */ = {
			isa = XCBuildConfiguration;
			buildSettings = {
				ALWAYS_EMBED_SWIFT_STANDARD_LIBRARIES = YES;
				BUNDLE_LOADER = "$(TEST_HOST)";
				CLANG_ENABLE_MODULES = YES;
				CODE_SIGN_STYLE = Automatic;
				DEVELOPMENT_TEAM = 2MSLYVU6K6;
				INFOPLIST_FILE = BaluchonTests/Info.plist;
				IPHONEOS_DEPLOYMENT_TARGET = 13.4;
				LD_RUNPATH_SEARCH_PATHS = (
					"$(inherited)",
					"@executable_path/Frameworks",
					"@loader_path/Frameworks",
				);
				PRODUCT_BUNDLE_IDENTIFIER = "com-rodolphe.BaluchonTests";
				PRODUCT_NAME = "$(TARGET_NAME)";
				SWIFT_OPTIMIZATION_LEVEL = "-Onone";
				SWIFT_VERSION = 5.0;
				TARGETED_DEVICE_FAMILY = "1,2";
				TEST_HOST = "$(BUILT_PRODUCTS_DIR)/Baluchon.app/Baluchon";
			};
			name = Debug;
		};
		943587912449E6B700A1493C /* Release */ = {
			isa = XCBuildConfiguration;
			buildSettings = {
				ALWAYS_EMBED_SWIFT_STANDARD_LIBRARIES = YES;
				BUNDLE_LOADER = "$(TEST_HOST)";
				CLANG_ENABLE_MODULES = YES;
				CODE_SIGN_STYLE = Automatic;
				DEVELOPMENT_TEAM = 2MSLYVU6K6;
				INFOPLIST_FILE = BaluchonTests/Info.plist;
				IPHONEOS_DEPLOYMENT_TARGET = 13.4;
				LD_RUNPATH_SEARCH_PATHS = (
					"$(inherited)",
					"@executable_path/Frameworks",
					"@loader_path/Frameworks",
				);
				PRODUCT_BUNDLE_IDENTIFIER = "com-rodolphe.BaluchonTests";
				PRODUCT_NAME = "$(TARGET_NAME)";
				SWIFT_VERSION = 5.0;
				TARGETED_DEVICE_FAMILY = "1,2";
				TEST_HOST = "$(BUILT_PRODUCTS_DIR)/Baluchon.app/Baluchon";
			};
			name = Release;
		};
/* End XCBuildConfiguration section */

/* Begin XCConfigurationList section */
		943587652449E6B600A1493C /* Build configuration list for PBXProject "Baluchon" */ = {
			isa = XCConfigurationList;
			buildConfigurations = (
				9435878A2449E6B700A1493C /* Debug */,
				9435878B2449E6B700A1493C /* Release */,
			);
			defaultConfigurationIsVisible = 0;
			defaultConfigurationName = Release;
		};
		9435878C2449E6B700A1493C /* Build configuration list for PBXNativeTarget "Baluchon" */ = {
			isa = XCConfigurationList;
			buildConfigurations = (
				9435878D2449E6B700A1493C /* Debug */,
				9435878E2449E6B700A1493C /* Release */,
			);
			defaultConfigurationIsVisible = 0;
			defaultConfigurationName = Release;
		};
		9435878F2449E6B700A1493C /* Build configuration list for PBXNativeTarget "BaluchonTests" */ = {
			isa = XCConfigurationList;
			buildConfigurations = (
				943587902449E6B700A1493C /* Debug */,
				943587912449E6B700A1493C /* Release */,
			);
			defaultConfigurationIsVisible = 0;
			defaultConfigurationName = Release;
		};
/* End XCConfigurationList section */
	};
	rootObject = 943587622449E6B600A1493C /* Project object */;
}
